
Microsoft Visual Studio Solution File, Format Version 12.00
# Visual Studio Version 17
VisualStudioVersion = 17.8.34309.116
MinimumVisualStudioVersion = 10.0.40219.1
Project("{FAE04EC0-301F-11D3-BF4B-00C04F79EFBC}") = "ChristmasResults", "ChristmasResults.csproj", "{72068629-252A-4E6B-BBB6-3125F9109CE7}"
EndProject
Global
	GlobalSection(SolutionConfigurationPlatforms) = preSolution
		Debug|Any CPU = Debug|Any CPU
		Release|Any CPU = Release|Any CPU
	EndGlobalSection
	GlobalSection(ProjectConfigurationPlatforms) = postSolution
		{72068629-252A-4E6B-BBB6-3125F9109CE7}.Debug|Any CPU.ActiveCfg = Debug|Any CPU
		{72068629-252A-4E6B-BBB6-3125F9109CE7}.Debug|Any CPU.Build.0 = Debug|Any CPU
		{72068629-252A-4E6B-BBB6-3125F9109CE7}.Release|Any CPU.ActiveCfg = Release|Any CPU
		{72068629-252A-4E6B-BBB6-3125F9109CE7}.Release|Any CPU.Build.0 = Release|Any CPU
	EndGlobalSection
	GlobalSection(SolutionProperties) = preSolution
		HideSolutionNode = FALSE
	EndGlobalSection
	GlobalSection(ExtensibilityGlobals) = postSolution
		SolutionGuid = {D60BAA7F-54D5-4D58-925B-4C1C81D7D54C}
	EndGlobalSection
EndGlobal
